
Microsoft Visual Studio Solution File, Format Version 12.00
# Visual Studio Version 17
VisualStudioVersion = 17.0.31903.59
MinimumVisualStudioVersion = 10.0.40219.1
Project("{2150E333-8FDC-42A3-9474-1A3956D46DE8}") = "src", "src", "{C8F924FF-0FBD-43B2-89CF-114BA8D33BF8}"
EndProject
Project("{FAE04EC0-301F-11D3-BF4B-00C04F79EFBC}") = "WebApp.Api", "src\WebApp.Api\WebApp.Api.csproj", "{DA4D970E-8F5F-45CD-9D12-0A6B8E6EA121}"
EndProject
Project("{FAE04EC0-301F-11D3-BF4B-00C04F79EFBC}") = "WebApp.Domain", "src\WebApp.Domain\WebApp.Domain.csproj", "{EB5DE4E4-C516-4838-ACA9-4022633075D8}"
EndProject
Project("{2150E333-8FDC-42A3-9474-1A3956D46DE8}") = "test", "test", "{083F3C49-AF3E-4B84-A7A2-C56D2429D61D}"
EndProject
Project("{FAE04EC0-301F-11D3-BF4B-00C04F79EFBC}") = "WebApp.Api.Tests", "test\WebApp.Api.Tests\WebApp.Api.Tests.csproj", "{E6658A9F-0B3D-4757-B30C-B8D205410451}"
EndProject
Project("{FAE04EC0-301F-11D3-BF4B-00C04F79EFBC}") = "WebApp.Domain.Tests", "test\WebApp.Domain.Tests\WebApp.Domain.Tests.csproj", "{88C63C15-14AB-4459-80EC-14011D9FD34A}"
EndProject
Global
	GlobalSection(SolutionConfigurationPlatforms) = preSolution
		Debug|Any CPU = Debug|Any CPU
		Release|Any CPU = Release|Any CPU
	EndGlobalSection
	GlobalSection(SolutionProperties) = preSolution
		HideSolutionNode = FALSE
	EndGlobalSection
	GlobalSection(ProjectConfigurationPlatforms) = postSolution
		{DA4D970E-8F5F-45CD-9D12-0A6B8E6EA121}.Debug|Any CPU.ActiveCfg = Debug|Any CPU
		{DA4D970E-8F5F-45CD-9D12-0A6B8E6EA121}.Debug|Any CPU.Build.0 = Debug|Any CPU
		{DA4D970E-8F5F-45CD-9D12-0A6B8E6EA121}.Release|Any CPU.ActiveCfg = Release|Any CPU
		{DA4D970E-8F5F-45CD-9D12-0A6B8E6EA121}.Release|Any CPU.Build.0 = Release|Any CPU
		{EB5DE4E4-C516-4838-ACA9-4022633075D8}.Debug|Any CPU.ActiveCfg = Debug|Any CPU
		{EB5DE4E4-C516-4838-ACA9-4022633075D8}.Debug|Any CPU.Build.0 = Debug|Any CPU
		{EB5DE4E4-C516-4838-ACA9-4022633075D8}.Release|Any CPU.ActiveCfg = Release|Any CPU
		{EB5DE4E4-C516-4838-ACA9-4022633075D8}.Release|Any CPU.Build.0 = Release|Any CPU
		{E6658A9F-0B3D-4757-B30C-B8D205410451}.Debug|Any CPU.ActiveCfg = Debug|Any CPU
		{E6658A9F-0B3D-4757-B30C-B8D205410451}.Debug|Any CPU.Build.0 = Debug|Any CPU
		{E6658A9F-0B3D-4757-B30C-B8D205410451}.Release|Any CPU.ActiveCfg = Release|Any CPU
		{E6658A9F-0B3D-4757-B30C-B8D205410451}.Release|Any CPU.Build.0 = Release|Any CPU
		{88C63C15-14AB-4459-80EC-14011D9FD34A}.Debug|Any CPU.ActiveCfg = Debug|Any CPU
		{88C63C15-14AB-4459-80EC-14011D9FD34A}.Debug|Any CPU.Build.0 = Debug|Any CPU
		{88C63C15-14AB-4459-80EC-14011D9FD34A}.Release|Any CPU.ActiveCfg = Release|Any CPU
		{88C63C15-14AB-4459-80EC-14011D9FD34A}.Release|Any CPU.Build.0 = Release|Any CPU
	EndGlobalSection
	GlobalSection(NestedProjects) = preSolution
		{DA4D970E-8F5F-45CD-9D12-0A6B8E6EA121} = {C8F924FF-0FBD-43B2-89CF-114BA8D33BF8}
		{EB5DE4E4-C516-4838-ACA9-4022633075D8} = {C8F924FF-0FBD-43B2-89CF-114BA8D33BF8}
		{E6658A9F-0B3D-4757-B30C-B8D205410451} = {083F3C49-AF3E-4B84-A7A2-C56D2429D61D}
		{88C63C15-14AB-4459-80EC-14011D9FD34A} = {083F3C49-AF3E-4B84-A7A2-C56D2429D61D}
	EndGlobalSection
EndGlobal
